
Microsoft Visual Studio Solution File, Format Version 12.00
# Visual Studio Version 16
VisualStudioVersion = 16.0.30523.141
MinimumVisualStudioVersion = 10.0.40219.1
Project("{FAE04EC0-301F-11D3-BF4B-00C04F79EFBC}") = "Demo.API", "Demo.API\Demo.API.csproj", "{AED51585-823A-4CC4-9031-650E839D30C5}"
EndProject
Global
	GlobalSection(SolutionConfigurationPlatforms) = preSolution
		Debug|Any CPU = Debug|Any CPU
		Release|Any CPU = Release|Any CPU
	EndGlobalSection
	GlobalSection(ProjectConfigurationPlatforms) = postSolution
		{AED51585-823A-4CC4-9031-650E839D30C5}.Debug|Any CPU.ActiveCfg = Debug|Any CPU
		{AED51585-823A-4CC4-9031-650E839D30C5}.Debug|Any CPU.Build.0 = Debug|Any CPU
		{AED51585-823A-4CC4-9031-650E839D30C5}.Release|Any CPU.ActiveCfg = Release|Any CPU
		{AED51585-823A-4CC4-9031-650E839D30C5}.Release|Any CPU.Build.0 = Release|Any CPU
	EndGlobalSection
	GlobalSection(SolutionProperties) = preSolution
		HideSolutionNode = FALSE
	EndGlobalSection
	GlobalSection(ExtensibilityGlobals) = postSolution
		SolutionGuid = {428E5461-E354-4A39-A320-118C65B66229}
	EndGlobalSection
EndGlobal
